
Microsoft Visual Studio Solution File, Format Version 12.00
# Visual Studio 15
VisualStudioVersion = 15.0.28010.2041
MinimumVisualStudioVersion = 10.0.40219.1
Project("{FAE04EC0-301F-11D3-BF4B-00C04F79EFBC}") = "YOLOv3", "YOLOv3\YOLOv3.csproj", "{D4369BFC-153D-4224-8352-34221EED65E2}"
EndProject
Global
	GlobalSection(SolutionConfigurationPlatforms) = preSolution
		Debug|Any CPU = Debug|Any CPU
		Release|Any CPU = Release|Any CPU
	EndGlobalSection
	GlobalSection(ProjectConfigurationPlatforms) = postSolution
		{D4369BFC-153D-4224-8352-34221EED65E2}.Debug|Any CPU.ActiveCfg = Debug|Any CPU
		{D4369BFC-153D-4224-8352-34221EED65E2}.Debug|Any CPU.Build.0 = Debug|Any CPU
		{D4369BFC-153D-4224-8352-34221EED65E2}.Release|Any CPU.ActiveCfg = Release|Any CPU
		{D4369BFC-153D-4224-8352-34221EED65E2}.Release|Any CPU.Build.0 = Release|Any CPU
	EndGlobalSection
	GlobalSection(SolutionProperties) = preSolution
		HideSolutionNode = FALSE
	EndGlobalSection
	GlobalSection(ExtensibilityGlobals) = postSolution
		SolutionGuid = {E46054B4-2106-40B2-8614-86D024A07737}
	EndGlobalSection
EndGlobal
